
Microsoft Visual Studio Solution File, Format Version 12.00
# Visual Studio Version 16
VisualStudioVersion = 16.0.29503.13
MinimumVisualStudioVersion = 10.0.40219.1
Project("{FAE04EC0-301F-11D3-BF4B-00C04F79EFBC}") = "sanjiliandong", "sanjiliandong\sanjiliandong.csproj", "{706B6B08-7ACC-4D02-9923-445927EFA62A}"
EndProject
Global
	GlobalSection(SolutionConfigurationPlatforms) = preSolution
		Debug|Any CPU = Debug|Any CPU
		Release|Any CPU = Release|Any CPU
	EndGlobalSection
	GlobalSection(ProjectConfigurationPlatforms) = postSolution
		{706B6B08-7ACC-4D02-9923-445927EFA62A}.Debug|Any CPU.ActiveCfg = Debug|Any CPU
		{706B6B08-7ACC-4D02-9923-445927EFA62A}.Debug|Any CPU.Build.0 = Debug|Any CPU
		{706B6B08-7ACC-4D02-9923-445927EFA62A}.Release|Any CPU.ActiveCfg = Release|Any CPU
		{706B6B08-7ACC-4D02-9923-445927EFA62A}.Release|Any CPU.Build.0 = Release|Any CPU
	EndGlobalSection
	GlobalSection(SolutionProperties) = preSolution
		HideSolutionNode = FALSE
	EndGlobalSection
	GlobalSection(ExtensibilityGlobals) = postSolution
		SolutionGuid = {56EEBA3B-33E6-4CEC-B0C2-7DEB1B335327}
	EndGlobalSection
EndGlobal
